// !$*UTF8*$!
{
	archiveVersion = 1;
	classes = {
	};
	objectVersion = 50;
	objects = {

/* Begin PBXBuildFile section */
		2A089A3D2482550000E768C1 /* PhotosSearchResults.swift in Sources */ = {isa = PBXBuildFile; fileRef = 2A089A3C2482550000E768C1 /* PhotosSearchResults.swift */; };
		2A089A40248260AC00E768C1 /* VTServerErrorResponse.swift in Sources */ = {isa = PBXBuildFile; fileRef = 2A089A3F248260AC00E768C1 /* VTServerErrorResponse.swift */; };
		2A50CA88248097F400F9AC81 /* AppDelegate.swift in Sources */ = {isa = PBXBuildFile; fileRef = 2A50CA87248097F400F9AC81 /* AppDelegate.swift */; };
		2A50CA8A248097F400F9AC81 /* SceneDelegate.swift in Sources */ = {isa = PBXBuildFile; fileRef = 2A50CA89248097F400F9AC81 /* SceneDelegate.swift */; };
		2A50CA8F248097F400F9AC81 /* Main.storyboard in Resources */ = {isa = PBXBuildFile; fileRef = 2A50CA8D248097F400F9AC81 /* Main.storyboard */; };
		2A50CA92248097F400F9AC81 /* VirtualTourist.xcdatamodeld in Sources */ = {isa = PBXBuildFile; fileRef = 2A50CA90248097F400F9AC81 /* VirtualTourist.xcdatamodeld */; };
		2A50CA94248097F800F9AC81 /* Assets.xcassets in Resources */ = {isa = PBXBuildFile; fileRef = 2A50CA93248097F800F9AC81 /* Assets.xcassets */; };
		2A50CA97248097F800F9AC81 /* LaunchScreen.storyboard in Resources */ = {isa = PBXBuildFile; fileRef = 2A50CA95248097F800F9AC81 /* LaunchScreen.storyboard */; };
		2A50CAA42480A30E00F9AC81 /* LocationsMapViewController.swift in Sources */ = {isa = PBXBuildFile; fileRef = 2A50CAA32480A30E00F9AC81 /* LocationsMapViewController.swift */; };
		2A50CAA72480B6A700F9AC81 /* MapKit.framework in Frameworks */ = {isa = PBXBuildFile; fileRef = 2A50CAA62480B6A700F9AC81 /* MapKit.framework */; };
		2A50CAAD2480D5BE00F9AC81 /* PhotoAlbumMapViewController.swift in Sources */ = {isa = PBXBuildFile; fileRef = 2A50CAAC2480D5BE00F9AC81 /* PhotoAlbumMapViewController.swift */; };
		2A63A9C62480EAEB009D3AF2 /* PhotoAlbumViewController.swift in Sources */ = {isa = PBXBuildFile; fileRef = 2A63A9C52480EAEB009D3AF2 /* PhotoAlbumViewController.swift */; };
		2A63A9C924812645009D3AF2 /* VTNetworkController.swift in Sources */ = {isa = PBXBuildFile; fileRef = 2A63A9C824812645009D3AF2 /* VTNetworkController.swift */; };
		2A63A9CB24812662009D3AF2 /* VTDataController.swift in Sources */ = {isa = PBXBuildFile; fileRef = 2A63A9CA24812662009D3AF2 /* VTDataController.swift */; };
		2A6EAD64248370E80030D39F /* PhotoAlbumCollectionViewCell.swift in Sources */ = {isa = PBXBuildFile; fileRef = 2A6EAD63248370E80030D39F /* PhotoAlbumCollectionViewCell.swift */; };
		2A6EAD66248378480030D39F /* UIViewController+Extensions.swift in Sources */ = {isa = PBXBuildFile; fileRef = 2A6EAD65248378480030D39F /* UIViewController+Extensions.swift */; };
		2A6EAD6824837CA30030D39F /* MKMapView+Extensions.swift in Sources */ = {isa = PBXBuildFile; fileRef = 2A6EAD6724837CA30030D39F /* MKMapView+Extensions.swift */; };
		2A6EAD6D2483ACD00030D39F /* VirtualTouristIcon.png in Resources */ = {isa = PBXBuildFile; fileRef = 2A6EAD6C2483ACD00030D39F /* VirtualTouristIcon.png */; };
		2A6EAD772483BC0D0030D39F /* camera-outline.png in Resources */ = {isa = PBXBuildFile; fileRef = 2A6EAD762483BC0D0030D39F /* camera-outline.png */; };
		2A6EAD7B2483BCAA0030D39F /* no-image-outline.png in Resources */ = {isa = PBXBuildFile; fileRef = 2A6EAD7A2483BCAA0030D39F /* no-image-outline.png */; };
/* End PBXBuildFile section */

/* Begin PBXFileReference section */
		2A089A3C2482550000E768C1 /* PhotosSearchResults.swift */ = {isa = PBXFileReference; lastKnownFileType = sourcecode.swift; path = PhotosSearchResults.swift; sourceTree = "<group>"; };
		2A089A3F248260AC00E768C1 /* VTServerErrorResponse.swift */ = {isa = PBXFileReference; lastKnownFileType = sourcecode.swift; path = VTServerErrorResponse.swift; sourceTree = "<group>"; };
		2A50CA84248097F400F9AC81 /* VirtualTourist.app */ = {isa = PBXFileReference; explicitFileType = wrapper.application; includeInIndex = 0; path = VirtualTourist.app; sourceTree = BUILT_PRODUCTS_DIR; };
		2A50CA87248097F400F9AC81 /* AppDelegate.swift */ = {isa = PBXFileReference; lastKnownFileType = sourcecode.swift; path = AppDelegate.swift; sourceTree = "<group>"; };
		2A50CA89248097F400F9AC81 /* SceneDelegate.swift */ = {isa = PBXFileReference; lastKnownFileType = sourcecode.swift; path = SceneDelegate.swift; sourceTree = "<group>"; };
		2A50CA8E248097F400F9AC81 /* Base */ = {isa = PBXFileReference; lastKnownFileType = file.storyboard; name = Base; path = Base.lproj/Main.storyboard; sourceTree = "<group>"; };
		2A50CA91248097F400F9AC81 /* VirtualTourist.xcdatamodel */ = {isa = PBXFileReference; lastKnownFileType = wrapper.xcdatamodel; path = VirtualTourist.xcdatamodel; sourceTree = "<group>"; };
		2A50CA93248097F800F9AC81 /* Assets.xcassets */ = {isa = PBXFileReference; lastKnownFileType = folder.assetcatalog; path = Assets.xcassets; sourceTree = "<group>"; };
		2A50CA96248097F800F9AC81 /* Base */ = {isa = PBXFileReference; lastKnownFileType = file.storyboard; name = Base; path = Base.lproj/LaunchScreen.storyboard; sourceTree = "<group>"; };
		2A50CA98248097F800F9AC81 /* Info.plist */ = {isa = PBXFileReference; lastKnownFileType = text.plist.xml; path = Info.plist; sourceTree = "<group>"; };
		2A50CAA32480A30E00F9AC81 /* LocationsMapViewController.swift */ = {isa = PBXFileReference; lastKnownFileType = sourcecode.swift; path = LocationsMapViewController.swift; sourceTree = "<group>"; };
		2A50CAA62480B6A700F9AC81 /* MapKit.framework */ = {isa = PBXFileReference; lastKnownFileType = wrapper.framework; name = MapKit.framework; path = System/Library/Frameworks/MapKit.framework; sourceTree = SDKROOT; };
		2A50CAAC2480D5BE00F9AC81 /* PhotoAlbumMapViewController.swift */ = {isa = PBXFileReference; lastKnownFileType = sourcecode.swift; path = PhotoAlbumMapViewController.swift; sourceTree = "<group>"; };
		2A63A9C52480EAEB009D3AF2 /* PhotoAlbumViewController.swift */ = {isa = PBXFileReference; lastKnownFileType = sourcecode.swift; path = PhotoAlbumViewController.swift; sourceTree = "<group>"; };
		2A63A9C824812645009D3AF2 /* VTNetworkController.swift */ = {isa = PBXFileReference; lastKnownFileType = sourcecode.swift; path = VTNetworkController.swift; sourceTree = "<group>"; };
		2A63A9CA24812662009D3AF2 /* VTDataController.swift */ = {isa = PBXFileReference; lastKnownFileType = sourcecode.swift; path = VTDataController.swift; sourceTree = "<group>"; };
		2A6EAD63248370E80030D39F /* PhotoAlbumCollectionViewCell.swift */ = {isa = PBXFileReference; lastKnownFileType = sourcecode.swift; path = PhotoAlbumCollectionViewCell.swift; sourceTree = "<group>"; };
		2A6EAD65248378480030D39F /* UIViewController+Extensions.swift */ = {isa = PBXFileReference; lastKnownFileType = sourcecode.swift; path = "UIViewController+Extensions.swift"; sourceTree = "<group>"; };
		2A6EAD6724837CA30030D39F /* MKMapView+Extensions.swift */ = {isa = PBXFileReference; lastKnownFileType = sourcecode.swift; path = "MKMapView+Extensions.swift"; sourceTree = "<group>"; };
		2A6EAD6C2483ACD00030D39F /* VirtualTouristIcon.png */ = {isa = PBXFileReference; lastKnownFileType = image.png; path = VirtualTouristIcon.png; sourceTree = "<group>"; };
		2A6EAD762483BC0D0030D39F /* camera-outline.png */ = {isa = PBXFileReference; lastKnownFileType = image.png; path = "camera-outline.png"; sourceTree = "<group>"; };
		2A6EAD7A2483BCAA0030D39F /* no-image-outline.png */ = {isa = PBXFileReference; lastKnownFileType = image.png; path = "no-image-outline.png"; sourceTree = "<group>"; };
/* End PBXFileReference section */

/* Begin PBXFrameworksBuildPhase section */
		2A50CA81248097F400F9AC81 /* Frameworks */ = {
			isa = PBXFrameworksBuildPhase;
			buildActionMask = 2147483647;
			files = (
				2A50CAA72480B6A700F9AC81 /* MapKit.framework in Frameworks */,
			);
			runOnlyForDeploymentPostprocessing = 0;
		};
/* End PBXFrameworksBuildPhase section */

/* Begin PBXGroup section */
		2A089A3E2482550500E768C1 /* VTResponses */ = {
			isa = PBXGroup;
			children = (
				2A089A3C2482550000E768C1 /* PhotosSearchResults.swift */,
				2A089A3F248260AC00E768C1 /* VTServerErrorResponse.swift */,
			);
			path = VTResponses;
			sourceTree = "<group>";
		};
		2A50CA7B248097F400F9AC81 = {
			isa = PBXGroup;
			children = (
				2A50CA86248097F400F9AC81 /* VirtualTourist */,
				2A50CA85248097F400F9AC81 /* Products */,
				2A50CAA52480B6A700F9AC81 /* Frameworks */,
			);
			sourceTree = "<group>";
		};
		2A50CA85248097F400F9AC81 /* Products */ = {
			isa = PBXGroup;
			children = (
				2A50CA84248097F400F9AC81 /* VirtualTourist.app */,
			);
			name = Products;
			sourceTree = "<group>";
		};
		2A50CA86248097F400F9AC81 /* VirtualTourist */ = {
			isa = PBXGroup;
			children = (
				2A50CAA0248098A700F9AC81 /* AppSupport */,
				2A50CAA1248098D500F9AC81 /* Model */,
				2A50CA9E2480988800F9AC81 /* Views */,
				2A50CAA2248098E600F9AC81 /* ViewControllers */,
				2A6EAD65248378480030D39F /* UIViewController+Extensions.swift */,
				2A50CA9F2480989600F9AC81 /* Assets */,
				2A50CA98248097F800F9AC81 /* Info.plist */,
			);
			path = VirtualTourist;
			sourceTree = "<group>";
		};
		2A50CA9E2480988800F9AC81 /* Views */ = {
			isa = PBXGroup;
			children = (
				2A50CA8D248097F400F9AC81 /* Main.storyboard */,
				2A50CA95248097F800F9AC81 /* LaunchScreen.storyboard */,
				2A6EAD63248370E80030D39F /* PhotoAlbumCollectionViewCell.swift */,
				2A6EAD6724837CA30030D39F /* MKMapView+Extensions.swift */,
			);
			path = Views;
			sourceTree = "<group>";
		};
		2A50CA9F2480989600F9AC81 /* Assets */ = {
			isa = PBXGroup;
			children = (
				2A6EAD692483AC6C0030D39F /* Images */,
				2A50CA93248097F800F9AC81 /* Assets.xcassets */,
			);
			path = Assets;
			sourceTree = "<group>";
		};
		2A50CAA0248098A700F9AC81 /* AppSupport */ = {
			isa = PBXGroup;
			children = (
				2A50CA87248097F400F9AC81 /* AppDelegate.swift */,
				2A50CA89248097F400F9AC81 /* SceneDelegate.swift */,
			);
			path = AppSupport;
			sourceTree = "<group>";
		};
		2A50CAA1248098D500F9AC81 /* Model */ = {
			isa = PBXGroup;
			children = (
				2A63A9C7248125F6009D3AF2 /* Controllers */,
				2A50CA90248097F400F9AC81 /* VirtualTourist.xcdatamodeld */,
				2A089A3E2482550500E768C1 /* VTResponses */,
			);
			path = Model;
			sourceTree = "<group>";
		};
		2A50CAA2248098E600F9AC81 /* ViewControllers */ = {
			isa = PBXGroup;
			children = (
				2A50CAA32480A30E00F9AC81 /* LocationsMapViewController.swift */,
				2A50CAAE2480D62B00F9AC81 /* LocationsPhotoAlbum */,
			);
			path = ViewControllers;
			sourceTree = "<group>";
		};
		2A50CAA52480B6A700F9AC81 /* Frameworks */ = {
			isa = PBXGroup;
			children = (
				2A50CAA62480B6A700F9AC81 /* MapKit.framework */,
			);
			name = Frameworks;
			sourceTree = "<group>";
		};
		2A50CAAE2480D62B00F9AC81 /* LocationsPhotoAlbum */ = {
			isa = PBXGroup;
			children = (
				2A63A9C52480EAEB009D3AF2 /* PhotoAlbumViewController.swift */,
				2A50CAAC2480D5BE00F9AC81 /* PhotoAlbumMapViewController.swift */,
			);
			path = LocationsPhotoAlbum;
			sourceTree = "<group>";
		};
		2A63A9C7248125F6009D3AF2 /* Controllers */ = {
			isa = PBXGroup;
			children = (
				2A63A9C824812645009D3AF2 /* VTNetworkController.swift */,
				2A63A9CA24812662009D3AF2 /* VTDataController.swift */,
			);
			path = Controllers;
			sourceTree = "<group>";
		};
		2A6EAD692483AC6C0030D39F /* Images */ = {
			isa = PBXGroup;
			children = (
				2A6EAD762483BC0D0030D39F /* camera-outline.png */,
				2A6EAD7A2483BCAA0030D39F /* no-image-outline.png */,
				2A6EAD6C2483ACD00030D39F /* VirtualTouristIcon.png */,
			);
			path = Images;
			sourceTree = "<group>";
		};
/* End PBXGroup section */

/* Begin PBXNativeTarget section */
		2A50CA83248097F400F9AC81 /* VirtualTourist */ = {
			isa = PBXNativeTarget;
			buildConfigurationList = 2A50CA9B248097F800F9AC81 /* Build configuration list for PBXNativeTarget "VirtualTourist" */;
			buildPhases = (
				2A50CA80248097F400F9AC81 /* Sources */,
				2A50CA81248097F400F9AC81 /* Frameworks */,
				2A50CA82248097F400F9AC81 /* Resources */,
			);
			buildRules = (
			);
			dependencies = (
			);
			name = VirtualTourist;
			productName = VirtualTourist;
			productReference = 2A50CA84248097F400F9AC81 /* VirtualTourist.app */;
			productType = "com.apple.product-type.application";
		};
/* End PBXNativeTarget section */

/* Begin PBXProject section */
		2A50CA7C248097F400F9AC81 /* Project object */ = {
			isa = PBXProject;
			attributes = {
				LastSwiftUpdateCheck = 1150;
				LastUpgradeCheck = 1150;
				ORGANIZATIONNAME = "SDI Group Inc.";
				TargetAttributes = {
					2A50CA83248097F400F9AC81 = {
						CreatedOnToolsVersion = 11.5;
					};
				};
			};
			buildConfigurationList = 2A50CA7F248097F400F9AC81 /* Build configuration list for PBXProject "VirtualTourist" */;
			compatibilityVersion = "Xcode 9.3";
			developmentRegion = en;
			hasScannedForEncodings = 0;
			knownRegions = (
				en,
				Base,
			);
			mainGroup = 2A50CA7B248097F400F9AC81;
			productRefGroup = 2A50CA85248097F400F9AC81 /* Products */;
			projectDirPath = "";
			projectRoot = "";
			targets = (
				2A50CA83248097F400F9AC81 /* VirtualTourist */,
			);
		};
/* End PBXProject section */

/* Begin PBXResourcesBuildPhase section */
		2A50CA82248097F400F9AC81 /* Resources */ = {
			isa = PBXResourcesBuildPhase;
			buildActionMask = 2147483647;
			files = (
				2A50CA97248097F800F9AC81 /* LaunchScreen.storyboard in Resources */,
				2A50CA94248097F800F9AC81 /* Assets.xcassets in Resources */,
				2A6EAD7B2483BCAA0030D39F /* no-image-outline.png in Resources */,
				2A6EAD772483BC0D0030D39F /* camera-outline.png in Resources */,
				2A6EAD6D2483ACD00030D39F /* VirtualTouristIcon.png in Resources */,
				2A50CA8F248097F400F9AC81 /* Main.storyboard in Resources */,
			);
			runOnlyForDeploymentPostprocessing = 0;
		};
/* End PBXResourcesBuildPhase section */

/* Begin PBXSourcesBuildPhase section */
		2A50CA80248097F400F9AC81 /* Sources */ = {
			isa = PBXSourcesBuildPhase;
			buildActionMask = 2147483647;
			files = (
				2A6EAD64248370E80030D39F /* PhotoAlbumCollectionViewCell.swift in Sources */,
				2A50CAA42480A30E00F9AC81 /* LocationsMapViewController.swift in Sources */,
				2A6EAD6824837CA30030D39F /* MKMapView+Extensions.swift in Sources */,
				2A50CAAD2480D5BE00F9AC81 /* PhotoAlbumMapViewController.swift in Sources */,
				2A089A3D2482550000E768C1 /* PhotosSearchResults.swift in Sources */,
				2A6EAD66248378480030D39F /* UIViewController+Extensions.swift in Sources */,
				2A089A40248260AC00E768C1 /* VTServerErrorResponse.swift in Sources */,
				2A63A9C924812645009D3AF2 /* VTNetworkController.swift in Sources */,
				2A50CA92248097F400F9AC81 /* VirtualTourist.xcdatamodeld in Sources */,
				2A50CA88248097F400F9AC81 /* AppDelegate.swift in Sources */,
				2A63A9CB24812662009D3AF2 /* VTDataController.swift in Sources */,
				2A50CA8A248097F400F9AC81 /* SceneDelegate.swift in Sources */,
				2A63A9C62480EAEB009D3AF2 /* PhotoAlbumViewController.swift in Sources */,
			);
			runOnlyForDeploymentPostprocessing = 0;
		};
/* End PBXSourcesBuildPhase section */

/* Begin PBXVariantGroup section */
		2A50CA8D248097F400F9AC81 /* Main.storyboard */ = {
			isa = PBXVariantGroup;
			children = (
				2A50CA8E248097F400F9AC81 /* Base */,
			);
			name = Main.storyboard;
			sourceTree = "<group>";
		};
		2A50CA95248097F800F9AC81 /* LaunchScreen.storyboard */ = {
			isa = PBXVariantGroup;
			children = (
				2A50CA96248097F800F9AC81 /* Base */,
			);
			name = LaunchScreen.storyboard;
			sourceTree = "<group>";
		};
/* End PBXVariantGroup section */

/* Begin XCBuildConfiguration section */
		2A50CA99248097F800F9AC81 /* Debug */ = {
			isa = XCBuildConfiguration;
			buildSettings = {
				ALWAYS_SEARCH_USER_PATHS = NO;
				CLANG_ANALYZER_NONNULL = YES;
				CLANG_ANALYZER_NUMBER_OBJECT_CONVERSION = YES_AGGRESSIVE;
				CLANG_CXX_LANGUAGE_STANDARD = "gnu++14";
				CLANG_CXX_LIBRARY = "libc++";
				CLANG_ENABLE_MODULES = YES;
				CLANG_ENABLE_OBJC_ARC = YES;
				CLANG_ENABLE_OBJC_WEAK = YES;
				CLANG_WARN_BLOCK_CAPTURE_AUTORELEASING = YES;
				CLANG_WARN_BOOL_CONVERSION = YES;
				CLANG_WARN_COMMA = YES;
				CLANG_WARN_CONSTANT_CONVERSION = YES;
				CLANG_WARN_DEPRECATED_OBJC_IMPLEMENTATIONS = YES;
				CLANG_WARN_DIRECT_OBJC_ISA_USAGE = YES_ERROR;
				CLANG_WARN_DOCUMENTATION_COMMENTS = YES;
				CLANG_WARN_EMPTY_BODY = YES;
				CLANG_WARN_ENUM_CONVERSION = YES;
				CLANG_WARN_INFINITE_RECURSION = YES;
				CLANG_WARN_INT_CONVERSION = YES;
				CLANG_WARN_NON_LITERAL_NULL_CONVERSION = YES;
				CLANG_WARN_OBJC_IMPLICIT_RETAIN_SELF = YES;
				CLANG_WARN_OBJC_LITERAL_CONVERSION = YES;
				CLANG_WARN_OBJC_ROOT_CLASS = YES_ERROR;
				CLANG_WARN_RANGE_LOOP_ANALYSIS = YES;
				CLANG_WARN_STRICT_PROTOTYPES = YES;
				CLANG_WARN_SUSPICIOUS_MOVE = YES;
				CLANG_WARN_UNGUARDED_AVAILABILITY = YES_AGGRESSIVE;
				CLANG_WARN_UNREACHABLE_CODE = YES;
				CLANG_WARN__DUPLICATE_METHOD_MATCH = YES;
				COPY_PHASE_STRIP = NO;
				DEBUG_INFORMATION_FORMAT = dwarf;
				ENABLE_STRICT_OBJC_MSGSEND = YES;
				ENABLE_TESTABILITY = YES;
				GCC_C_LANGUAGE_STANDARD = gnu11;
				GCC_DYNAMIC_NO_PIC = NO;
				GCC_NO_COMMON_BLOCKS = YES;
				GCC_OPTIMIZATION_LEVEL = 0;
				GCC_PREPROCESSOR_DEFINITIONS = (
					"DEBUG=1",
					"$(inherited)",
				);
				GCC_WARN_64_TO_32_BIT_CONVERSION = YES;
				GCC_WARN_ABOUT_RETURN_TYPE = YES_ERROR;
				GCC_WARN_UNDECLARED_SELECTOR = YES;
				GCC_WARN_UNINITIALIZED_AUTOS = YES_AGGRESSIVE;
				GCC_WARN_UNUSED_FUNCTION = YES;
				GCC_WARN_UNUSED_VARIABLE = YES;
				IPHONEOS_DEPLOYMENT_TARGET = 13.5;
				MTL_ENABLE_DEBUG_INFO = INCLUDE_SOURCE;
				MTL_FAST_MATH = YES;
				ONLY_ACTIVE_ARCH = YES;
				SDKROOT = iphoneos;
				SWIFT_ACTIVE_COMPILATION_CONDITIONS = DEBUG;
				SWIFT_OPTIMIZATION_LEVEL = "-Onone";
			};
			name = Debug;
		};
		2A50CA9A248097F800F9AC81 /* Release */ = {
			isa = XCBuildConfiguration;
			buildSettings = {
				ALWAYS_SEARCH_USER_PATHS = NO;
				CLANG_ANALYZER_NONNULL = YES;
				CLANG_ANALYZER_NUMBER_OBJECT_CONVERSION = YES_AGGRESSIVE;
				CLANG_CXX_LANGUAGE_STANDARD = "gnu++14";
				CLANG_CXX_LIBRARY = "libc++";
				CLANG_ENABLE_MODULES = YES;
				CLANG_ENABLE_OBJC_ARC = YES;
				CLANG_ENABLE_OBJC_WEAK = YES;
				CLANG_WARN_BLOCK_CAPTURE_AUTORELEASING = YES;
				CLANG_WARN_BOOL_CONVERSION = YES;
				CLANG_WARN_COMMA = YES;
				CLANG_WARN_CONSTANT_CONVERSION = YES;
				CLANG_WARN_DEPRECATED_OBJC_IMPLEMENTATIONS = YES;
				CLANG_WARN_DIRECT_OBJC_ISA_USAGE = YES_ERROR;
				CLANG_WARN_DOCUMENTATION_COMMENTS = YES;
				CLANG_WARN_EMPTY_BODY = YES;
				CLANG_WARN_ENUM_CONVERSION = YES;
				CLANG_WARN_INFINITE_RECURSION = YES;
				CLANG_WARN_INT_CONVERSION = YES;
				CLANG_WARN_NON_LITERAL_NULL_CONVERSION = YES;
				CLANG_WARN_OBJC_IMPLICIT_RETAIN_SELF = YES;
				CLANG_WARN_OBJC_LITERAL_CONVERSION = YES;
				CLANG_WARN_OBJC_ROOT_CLASS = YES_ERROR;
				CLANG_WARN_RANGE_LOOP_ANALYSIS = YES;
				CLANG_WARN_STRICT_PROTOTYPES = YES;
				CLANG_WARN_SUSPICIOUS_MOVE = YES;
				CLANG_WARN_UNGUARDED_AVAILABILITY = YES_AGGRESSIVE;
				CLANG_WARN_UNREACHABLE_CODE = YES;
				CLANG_WARN__DUPLICATE_METHOD_MATCH = YES;
				COPY_PHASE_STRIP = NO;
				DEBUG_INFORMATION_FORMAT = "dwarf-with-dsym";
				ENABLE_NS_ASSERTIONS = NO;
				ENABLE_STRICT_OBJC_MSGSEND = YES;
				GCC_C_LANGUAGE_STANDARD = gnu11;
				GCC_NO_COMMON_BLOCKS = YES;
				GCC_WARN_64_TO_32_BIT_CONVERSION = YES;
				GCC_WARN_ABOUT_RETURN_TYPE = YES_ERROR;
				GCC_WARN_UNDECLARED_SELECTOR = YES;
				GCC_WARN_UNINITIALIZED_AUTOS = YES_AGGRESSIVE;
				GCC_WARN_UNUSED_FUNCTION = YES;
				GCC_WARN_UNUSED_VARIABLE = YES;
				IPHONEOS_DEPLOYMENT_TARGET = 13.5;
				MTL_ENABLE_DEBUG_INFO = NO;
				MTL_FAST_MATH = YES;
				SDKROOT = iphoneos;
				SWIFT_COMPILATION_MODE = wholemodule;
				SWIFT_OPTIMIZATION_LEVEL = "-O";
				VALIDATE_PRODUCT = YES;
			};
			name = Release;
		};
		2A50CA9C248097F800F9AC81 /* Debug */ = {
			isa = XCBuildConfiguration;
			buildSettings = {
				ASSETCATALOG_COMPILER_APPICON_NAME = AppIcon;
				CODE_SIGN_STYLE = Automatic;
				DEVELOPMENT_TEAM = 3KZZ5Z37DJ;
				INFOPLIST_FILE = VirtualTourist/Info.plist;
				LD_RUNPATH_SEARCH_PATHS = (
					"$(inherited)",
					"@executable_path/Frameworks",
				);
				PRODUCT_BUNDLE_IDENTIFIER = com.magicaltomato.VirtualTourist;
				PRODUCT_NAME = "$(TARGET_NAME)";
				SWIFT_VERSION = 5.0;
				TARGETED_DEVICE_FAMILY = 1;
			};
			name = Debug;
		};
		2A50CA9D248097F800F9AC81 /* Release */ = {
			isa = XCBuildConfiguration;
			buildSettings = {
				ASSETCATALOG_COMPILER_APPICON_NAME = AppIcon;
				CODE_SIGN_STYLE = Automatic;
				DEVELOPMENT_TEAM = 3KZZ5Z37DJ;
				INFOPLIST_FILE = VirtualTourist/Info.plist;
				LD_RUNPATH_SEARCH_PATHS = (
					"$(inherited)",
					"@executable_path/Frameworks",
				);
				PRODUCT_BUNDLE_IDENTIFIER = com.magicaltomato.VirtualTourist;
				PRODUCT_NAME = "$(TARGET_NAME)";
				SWIFT_VERSION = 5.0;
				TARGETED_DEVICE_FAMILY = 1;
			};
			name = Release;
		};
/* End XCBuildConfiguration section */

/* Begin XCConfigurationList section */
		2A50CA7F248097F400F9AC81 /* Build configuration list for PBXProject "VirtualTourist" */ = {
			isa = XCConfigurationList;
			buildConfigurations = (
				2A50CA99248097F800F9AC81 /* Debug */,
				2A50CA9A248097F800F9AC81 /* Release */,
			);
			defaultConfigurationIsVisible = 0;
			defaultConfigurationName = Release;
		};
		2A50CA9B248097F800F9AC81 /* Build configuration list for PBXNativeTarget "VirtualTourist" */ = {
			isa = XCConfigurationList;
			buildConfigurations = (
				2A50CA9C248097F800F9AC81 /* Debug */,
				2A50CA9D248097F800F9AC81 /* Release */,
			);
			defaultConfigurationIsVisible = 0;
			defaultConfigurationName = Release;
		};
/* End XCConfigurationList section */

/* Begin XCVersionGroup section */
		2A50CA90248097F400F9AC81 /* VirtualTourist.xcdatamodeld */ = {
			isa = XCVersionGroup;
			children = (
				2A50CA91248097F400F9AC81 /* VirtualTourist.xcdatamodel */,
			);
			currentVersion = 2A50CA91248097F400F9AC81 /* VirtualTourist.xcdatamodel */;
			path = VirtualTourist.xcdatamodeld;
			sourceTree = "<group>";
			versionGroupType = wrapper.xcdatamodel;
		};
/* End XCVersionGroup section */
	};
	rootObject = 2A50CA7C248097F400F9AC81 /* Project object */;
}
